// !$*UTF8*$!
{
	archiveVersion = 1;
	classes = {
	};
	objectVersion = 50;
	objects = {

/* Begin PBXBuildFile section */
		221AEC82A8DB30A6462C9440 /* libPods-WTDemo.a in Frameworks */ = {isa = PBXBuildFile; fileRef = A24F37922F2E1F5DE6CD53EC /* libPods-WTDemo.a */; };
		501026DD21D474330084F3C1 /* QLSettingTitleCell.m in Sources */ = {isa = PBXBuildFile; fileRef = 501026DC21D474330084F3C1 /* QLSettingTitleCell.m */; };
		501026E021D47A890084F3C1 /* QLSettingGroupCell.m in Sources */ = {isa = PBXBuildFile; fileRef = 501026DF21D47A890084F3C1 /* QLSettingGroupCell.m */; };
		501026E721D4CF800084F3C1 /* QLSettingGroupCell1.m in Sources */ = {isa = PBXBuildFile; fileRef = 501026E621D4CF800084F3C1 /* QLSettingGroupCell1.m */; };
		501026F121D4F64C0084F3C1 /* QLUserInfoViewController.m in Sources */ = {isa = PBXBuildFile; fileRef = 501026F021D4F64C0084F3C1 /* QLUserInfoViewController.m */; };
		501026F421D4F6680084F3C1 /* QLFunsViewController.m in Sources */ = {isa = PBXBuildFile; fileRef = 501026F321D4F6680084F3C1 /* QLFunsViewController.m */; };
		501026F721D4F6920084F3C1 /* QLGuanZhuViewController.m in Sources */ = {isa = PBXBuildFile; fileRef = 501026F621D4F6920084F3C1 /* QLGuanZhuViewController.m */; };
		501026FA21D4F6AB0084F3C1 /* QLMessageViewController.m in Sources */ = {isa = PBXBuildFile; fileRef = 501026F921D4F6AB0084F3C1 /* QLMessageViewController.m */; };
		501026FD21D4FADB0084F3C1 /* QLUserInfoCell.m in Sources */ = {isa = PBXBuildFile; fileRef = 501026FC21D4FADB0084F3C1 /* QLUserInfoCell.m */; };
		5010270021D504660084F3C1 /* QLUserIconCel.m in Sources */ = {isa = PBXBuildFile; fileRef = 501026FF21D504660084F3C1 /* QLUserIconCel.m */; };
		5027755921D5B77B00C02C3F /* QLFunsCell.m in Sources */ = {isa = PBXBuildFile; fileRef = 5027755821D5B77B00C02C3F /* QLFunsCell.m */; };
		5027755C21D5C09A00C02C3F /* QLGuanZhuCell.m in Sources */ = {isa = PBXBuildFile; fileRef = 5027755A21D5C09A00C02C3F /* QLGuanZhuCell.m */; };
		5027756321D5EF0000C02C3F /* QLMineChildInfoCell.m in Sources */ = {isa = PBXBuildFile; fileRef = 5027756221D5EF0000C02C3F /* QLMineChildInfoCell.m */; };
		5027756621D5F24000C02C3F /* QLModifyPasswordViewController.m in Sources */ = {isa = PBXBuildFile; fileRef = 5027756421D5F24000C02C3F /* QLModifyPasswordViewController.m */; };
		502EB8B721BE0F8A0011A103 /* QLABoutViewController.m in Sources */ = {isa = PBXBuildFile; fileRef = 502EB8B621BE0F8A0011A103 /* QLABoutViewController.m */; };
		502EB8BA21BE0F9C0011A103 /* QLFeedBackViewController.m in Sources */ = {isa = PBXBuildFile; fileRef = 502EB8B921BE0F9C0011A103 /* QLFeedBackViewController.m */; };
		502EB8BD21BE0FAA0011A103 /* QLSettingViewController.m in Sources */ = {isa = PBXBuildFile; fileRef = 502EB8BC21BE0FAA0011A103 /* QLSettingViewController.m */; };
		502EB8C021BE0FFC0011A103 /* QLBabyRecordViewController.m in Sources */ = {isa = PBXBuildFile; fileRef = 502EB8BF21BE0FFC0011A103 /* QLBabyRecordViewController.m */; };
		503A80D821E628FC00201601 /* QLMineNetWork.m in Sources */ = {isa = PBXBuildFile; fileRef = 503A80D621E628FC00201601 /* QLMineNetWork.m */; };
		503A80DB21E6442100201601 /* QLNickNameViewController.m in Sources */ = {isa = PBXBuildFile; fileRef = 503A80D921E6442100201601 /* QLNickNameViewController.m */; };
		505B9A1D21E7703F00753310 /* city.plist in Resources */ = {isa = PBXBuildFile; fileRef = 505B9A1C21E7703F00753310 /* city.plist */; };
		5060B19521FC832900CE93F4 /* QLSiXinViewController.m in Sources */ = {isa = PBXBuildFile; fileRef = 5060B19421FC832900CE93F4 /* QLSiXinViewController.m */; };
		5060B19821FC833F00CE93F4 /* QLDianPingViewController.m in Sources */ = {isa = PBXBuildFile; fileRef = 5060B19721FC833F00CE93F4 /* QLDianPingViewController.m */; };
		5060B19B21FC834E00CE93F4 /* QLHuiTieViewController.m in Sources */ = {isa = PBXBuildFile; fileRef = 5060B19A21FC834E00CE93F4 /* QLHuiTieViewController.m */; };
		5060B19E21FC835D00CE93F4 /* QLTongZhiViewController.m in Sources */ = {isa = PBXBuildFile; fileRef = 5060B19D21FC835D00CE93F4 /* QLTongZhiViewController.m */; };
		5060B1A121FC85CB00CE93F4 /* QLSiXinCell.m in Sources */ = {isa = PBXBuildFile; fileRef = 5060B1A021FC85CA00CE93F4 /* QLSiXinCell.m */; };
		50A9F48322049D68000A2AFF /* Target_QLMineModel.m in Sources */ = {isa = PBXBuildFile; fileRef = 50A9F48122049D68000A2AFF /* Target_QLMineModel.m */; };
		50A9F4922204BC60000A2AFF /* QLGuanZhuMerchantViewController.m in Sources */ = {isa = PBXBuildFile; fileRef = 50A9F4912204BC60000A2AFF /* QLGuanZhuMerchantViewController.m */; };
		50A9F4952204BC8C000A2AFF /* QLGuanZhuTieZiViewController.m in Sources */ = {isa = PBXBuildFile; fileRef = 50A9F4942204BC8C000A2AFF /* QLGuanZhuTieZiViewController.m */; };
		50A9F4982204BCA3000A2AFF /* QLGuanZhuUserViewController.m in Sources */ = {isa = PBXBuildFile; fileRef = 50A9F4972204BCA3000A2AFF /* QLGuanZhuUserViewController.m */; };
		50A9F49B2204BE4A000A2AFF /* QLGuanZhuMerchantCell.m in Sources */ = {isa = PBXBuildFile; fileRef = 50A9F49A2204BE4A000A2AFF /* QLGuanZhuMerchantCell.m */; };
		50DADCE12192811A00DA8BFE /* AppDelegate.m in Sources */ = {isa = PBXBuildFile; fileRef = 50DADCE02192811A00DA8BFE /* AppDelegate.m */; };
		50DADCE92192811B00DA8BFE /* Assets.xcassets in Resources */ = {isa = PBXBuildFile; fileRef = 50DADCE82192811B00DA8BFE /* Assets.xcassets */; };
		50DADCEC2192811B00DA8BFE /* LaunchScreen.storyboard in Resources */ = {isa = PBXBuildFile; fileRef = 50DADCEA2192811B00DA8BFE /* LaunchScreen.storyboard */; };
		50DADCEF2192811B00DA8BFE /* main.m in Sources */ = {isa = PBXBuildFile; fileRef = 50DADCEE2192811B00DA8BFE /* main.m */; };
		50DADCF92192854400DA8BFE /* QLMineViewController.m in Sources */ = {isa = PBXBuildFile; fileRef = 50DADCF72192854400DA8BFE /* QLMineViewController.m */; };
		50DADD092192B46700DA8BFE /* QLMineHeadCell.m in Sources */ = {isa = PBXBuildFile; fileRef = 50DADD082192B46700DA8BFE /* QLMineHeadCell.m */; };
		50EE215D21E85F8500E1D9D1 /* QLModifyNickCell.m in Sources */ = {isa = PBXBuildFile; fileRef = 50EE215B21E85F8500E1D9D1 /* QLModifyNickCell.m */; };
/* End PBXBuildFile section */

/* Begin PBXFileReference section */
		501026DB21D474330084F3C1 /* QLSettingTitleCell.h */ = {isa = PBXFileReference; fileEncoding = 4; lastKnownFileType = sourcecode.c.h; path = QLSettingTitleCell.h; sourceTree = "<group>"; };
		501026DC21D474330084F3C1 /* QLSettingTitleCell.m */ = {isa = PBXFileReference; fileEncoding = 4; lastKnownFileType = sourcecode.c.objc; path = QLSettingTitleCell.m; sourceTree = "<group>"; };
		501026DE21D47A890084F3C1 /* QLSettingGroupCell.h */ = {isa = PBXFileReference; fileEncoding = 4; lastKnownFileType = sourcecode.c.h; path = QLSettingGroupCell.h; sourceTree = "<group>"; };
		501026DF21D47A890084F3C1 /* QLSettingGroupCell.m */ = {isa = PBXFileReference; fileEncoding = 4; lastKnownFileType = sourcecode.c.objc; path = QLSettingGroupCell.m; sourceTree = "<group>"; };
		501026E521D4CF800084F3C1 /* QLSettingGroupCell1.h */ = {isa = PBXFileReference; fileEncoding = 4; lastKnownFileType = sourcecode.c.h; path = QLSettingGroupCell1.h; sourceTree = "<group>"; };
		501026E621D4CF800084F3C1 /* QLSettingGroupCell1.m */ = {isa = PBXFileReference; fileEncoding = 4; lastKnownFileType = sourcecode.c.objc; path = QLSettingGroupCell1.m; sourceTree = "<group>"; };
		501026EF21D4F64C0084F3C1 /* QLUserInfoViewController.h */ = {isa = PBXFileReference; lastKnownFileType = sourcecode.c.h; path = QLUserInfoViewController.h; sourceTree = "<group>"; };
		501026F021D4F64C0084F3C1 /* QLUserInfoViewController.m */ = {isa = PBXFileReference; lastKnownFileType = sourcecode.c.objc; path = QLUserInfoViewController.m; sourceTree = "<group>"; };
		501026F221D4F6680084F3C1 /* QLFunsViewController.h */ = {isa = PBXFileReference; lastKnownFileType = sourcecode.c.h; path = QLFunsViewController.h; sourceTree = "<group>"; };
		501026F321D4F6680084F3C1 /* QLFunsViewController.m */ = {isa = PBXFileReference; lastKnownFileType = sourcecode.c.objc; path = QLFunsViewController.m; sourceTree = "<group>"; };
		501026F521D4F6920084F3C1 /* QLGuanZhuViewController.h */ = {isa = PBXFileReference; lastKnownFileType = sourcecode.c.h; path = QLGuanZhuViewController.h; sourceTree = "<group>"; };
		501026F621D4F6920084F3C1 /* QLGuanZhuViewController.m */ = {isa = PBXFileReference; lastKnownFileType = sourcecode.c.objc; path = QLGuanZhuViewController.m; sourceTree = "<group>"; };
		501026F821D4F6AB0084F3C1 /* QLMessageViewController.h */ = {isa = PBXFileReference; lastKnownFileType = sourcecode.c.h; path = QLMessageViewController.h; sourceTree = "<group>"; };
		501026F921D4F6AB0084F3C1 /* QLMessageViewController.m */ = {isa = PBXFileReference; lastKnownFileType = sourcecode.c.objc; path = QLMessageViewController.m; sourceTree = "<group>"; };
		501026FB21D4FADB0084F3C1 /* QLUserInfoCell.h */ = {isa = PBXFileReference; fileEncoding = 4; lastKnownFileType = sourcecode.c.h; path = QLUserInfoCell.h; sourceTree = "<group>"; };
		501026FC21D4FADB0084F3C1 /* QLUserInfoCell.m */ = {isa = PBXFileReference; fileEncoding = 4; lastKnownFileType = sourcecode.c.objc; path = QLUserInfoCell.m; sourceTree = "<group>"; };
		501026FE21D504660084F3C1 /* QLUserIconCel.h */ = {isa = PBXFileReference; fileEncoding = 4; lastKnownFileType = sourcecode.c.h; path = QLUserIconCel.h; sourceTree = "<group>"; };
		501026FF21D504660084F3C1 /* QLUserIconCel.m */ = {isa = PBXFileReference; fileEncoding = 4; lastKnownFileType = sourcecode.c.objc; path = QLUserIconCel.m; sourceTree = "<group>"; };
		5027755721D5B77B00C02C3F /* QLFunsCell.h */ = {isa = PBXFileReference; fileEncoding = 4; lastKnownFileType = sourcecode.c.h; path = QLFunsCell.h; sourceTree = "<group>"; };
		5027755821D5B77B00C02C3F /* QLFunsCell.m */ = {isa = PBXFileReference; fileEncoding = 4; lastKnownFileType = sourcecode.c.objc; path = QLFunsCell.m; sourceTree = "<group>"; };
		5027755A21D5C09A00C02C3F /* QLGuanZhuCell.m */ = {isa = PBXFileReference; fileEncoding = 4; lastKnownFileType = sourcecode.c.objc; path = QLGuanZhuCell.m; sourceTree = "<group>"; };
		5027755B21D5C09A00C02C3F /* QLGuanZhuCell.h */ = {isa = PBXFileReference; fileEncoding = 4; lastKnownFileType = sourcecode.c.h; path = QLGuanZhuCell.h; sourceTree = "<group>"; };
		5027756121D5EF0000C02C3F /* QLMineChildInfoCell.h */ = {isa = PBXFileReference; fileEncoding = 4; lastKnownFileType = sourcecode.c.h; path = QLMineChildInfoCell.h; sourceTree = "<group>"; };
		5027756221D5EF0000C02C3F /* QLMineChildInfoCell.m */ = {isa = PBXFileReference; fileEncoding = 4; lastKnownFileType = sourcecode.c.objc; path = QLMineChildInfoCell.m; sourceTree = "<group>"; };
		5027756421D5F24000C02C3F /* QLModifyPasswordViewController.m */ = {isa = PBXFileReference; fileEncoding = 4; lastKnownFileType = sourcecode.c.objc; path = QLModifyPasswordViewController.m; sourceTree = "<group>"; };
		5027756521D5F24000C02C3F /* QLModifyPasswordViewController.h */ = {isa = PBXFileReference; fileEncoding = 4; lastKnownFileType = sourcecode.c.h; path = QLModifyPasswordViewController.h; sourceTree = "<group>"; };
		502EB8B521BE0F8A0011A103 /* QLABoutViewController.h */ = {isa = PBXFileReference; lastKnownFileType = sourcecode.c.h; path = QLABoutViewController.h; sourceTree = "<group>"; };
		502EB8B621BE0F8A0011A103 /* QLABoutViewController.m */ = {isa = PBXFileReference; lastKnownFileType = sourcecode.c.objc; path = QLABoutViewController.m; sourceTree = "<group>"; };
		502EB8B821BE0F9C0011A103 /* QLFeedBackViewController.h */ = {isa = PBXFileReference; lastKnownFileType = sourcecode.c.h; path = QLFeedBackViewController.h; sourceTree = "<group>"; };
		502EB8B921BE0F9C0011A103 /* QLFeedBackViewController.m */ = {isa = PBXFileReference; lastKnownFileType = sourcecode.c.objc; path = QLFeedBackViewController.m; sourceTree = "<group>"; };
		502EB8BB21BE0FAA0011A103 /* QLSettingViewController.h */ = {isa = PBXFileReference; lastKnownFileType = sourcecode.c.h; path = QLSettingViewController.h; sourceTree = "<group>"; };
		502EB8BC21BE0FAA0011A103 /* QLSettingViewController.m */ = {isa = PBXFileReference; lastKnownFileType = sourcecode.c.objc; path = QLSettingViewController.m; sourceTree = "<group>"; };
		502EB8BE21BE0FFC0011A103 /* QLBabyRecordViewController.h */ = {isa = PBXFileReference; lastKnownFileType = sourcecode.c.h; path = QLBabyRecordViewController.h; sourceTree = "<group>"; };
		502EB8BF21BE0FFC0011A103 /* QLBabyRecordViewController.m */ = {isa = PBXFileReference; lastKnownFileType = sourcecode.c.objc; path = QLBabyRecordViewController.m; sourceTree = "<group>"; };
		503A80D621E628FC00201601 /* QLMineNetWork.m */ = {isa = PBXFileReference; fileEncoding = 4; lastKnownFileType = sourcecode.c.objc; path = QLMineNetWork.m; sourceTree = "<group>"; };
		503A80D721E628FC00201601 /* QLMineNetWork.h */ = {isa = PBXFileReference; fileEncoding = 4; lastKnownFileType = sourcecode.c.h; path = QLMineNetWork.h; sourceTree = "<group>"; };
		503A80D921E6442100201601 /* QLNickNameViewController.m */ = {isa = PBXFileReference; fileEncoding = 4; lastKnownFileType = sourcecode.c.objc; path = QLNickNameViewController.m; sourceTree = "<group>"; };
		503A80DA21E6442100201601 /* QLNickNameViewController.h */ = {isa = PBXFileReference; fileEncoding = 4; lastKnownFileType = sourcecode.c.h; path = QLNickNameViewController.h; sourceTree = "<group>"; };
		505B9A1C21E7703F00753310 /* city.plist */ = {isa = PBXFileReference; fileEncoding = 4; lastKnownFileType = text.plist.xml; path = city.plist; sourceTree = "<group>"; };
		5060B19321FC832900CE93F4 /* QLSiXinViewController.h */ = {isa = PBXFileReference; lastKnownFileType = sourcecode.c.h; path = QLSiXinViewController.h; sourceTree = "<group>"; };
		5060B19421FC832900CE93F4 /* QLSiXinViewController.m */ = {isa = PBXFileReference; lastKnownFileType = sourcecode.c.objc; path = QLSiXinViewController.m; sourceTree = "<group>"; };
		5060B19621FC833F00CE93F4 /* QLDianPingViewController.h */ = {isa = PBXFileReference; lastKnownFileType = sourcecode.c.h; path = QLDianPingViewController.h; sourceTree = "<group>"; };
		5060B19721FC833F00CE93F4 /* QLDianPingViewController.m */ = {isa = PBXFileReference; lastKnownFileType = sourcecode.c.objc; path = QLDianPingViewController.m; sourceTree = "<group>"; };
		5060B19921FC834E00CE93F4 /* QLHuiTieViewController.h */ = {isa = PBXFileReference; lastKnownFileType = sourcecode.c.h; path = QLHuiTieViewController.h; sourceTree = "<group>"; };
		5060B19A21FC834E00CE93F4 /* QLHuiTieViewController.m */ = {isa = PBXFileReference; lastKnownFileType = sourcecode.c.objc; path = QLHuiTieViewController.m; sourceTree = "<group>"; };
		5060B19C21FC835D00CE93F4 /* QLTongZhiViewController.h */ = {isa = PBXFileReference; lastKnownFileType = sourcecode.c.h; path = QLTongZhiViewController.h; sourceTree = "<group>"; };
		5060B19D21FC835D00CE93F4 /* QLTongZhiViewController.m */ = {isa = PBXFileReference; lastKnownFileType = sourcecode.c.objc; path = QLTongZhiViewController.m; sourceTree = "<group>"; };
		5060B19F21FC85CA00CE93F4 /* QLSiXinCell.h */ = {isa = PBXFileReference; fileEncoding = 4; lastKnownFileType = sourcecode.c.h; path = QLSiXinCell.h; sourceTree = "<group>"; };
		5060B1A021FC85CA00CE93F4 /* QLSiXinCell.m */ = {isa = PBXFileReference; fileEncoding = 4; lastKnownFileType = sourcecode.c.objc; path = QLSiXinCell.m; sourceTree = "<group>"; };
		50A9F48122049D68000A2AFF /* Target_QLMineModel.m */ = {isa = PBXFileReference; fileEncoding = 4; lastKnownFileType = sourcecode.c.objc; path = Target_QLMineModel.m; sourceTree = "<group>"; };
		50A9F48222049D68000A2AFF /* Target_QLMineModel.h */ = {isa = PBXFileReference; fileEncoding = 4; lastKnownFileType = sourcecode.c.h; path = Target_QLMineModel.h; sourceTree = "<group>"; };
		50A9F4902204BC60000A2AFF /* QLGuanZhuMerchantViewController.h */ = {isa = PBXFileReference; lastKnownFileType = sourcecode.c.h; path = QLGuanZhuMerchantViewController.h; sourceTree = "<group>"; };
		50A9F4912204BC60000A2AFF /* QLGuanZhuMerchantViewController.m */ = {isa = PBXFileReference; lastKnownFileType = sourcecode.c.objc; path = QLGuanZhuMerchantViewController.m; sourceTree = "<group>"; };
		50A9F4932204BC8C000A2AFF /* QLGuanZhuTieZiViewController.h */ = {isa = PBXFileReference; lastKnownFileType = sourcecode.c.h; path = QLGuanZhuTieZiViewController.h; sourceTree = "<group>"; };
		50A9F4942204BC8C000A2AFF /* QLGuanZhuTieZiViewController.m */ = {isa = PBXFileReference; lastKnownFileType = sourcecode.c.objc; path = QLGuanZhuTieZiViewController.m; sourceTree = "<group>"; };
		50A9F4962204BCA3000A2AFF /* QLGuanZhuUserViewController.h */ = {isa = PBXFileReference; lastKnownFileType = sourcecode.c.h; path = QLGuanZhuUserViewController.h; sourceTree = "<group>"; };
		50A9F4972204BCA3000A2AFF /* QLGuanZhuUserViewController.m */ = {isa = PBXFileReference; lastKnownFileType = sourcecode.c.objc; path = QLGuanZhuUserViewController.m; sourceTree = "<group>"; };
		50A9F4992204BE4A000A2AFF /* QLGuanZhuMerchantCell.h */ = {isa = PBXFileReference; fileEncoding = 4; lastKnownFileType = sourcecode.c.h; path = QLGuanZhuMerchantCell.h; sourceTree = "<group>"; };
		50A9F49A2204BE4A000A2AFF /* QLGuanZhuMerchantCell.m */ = {isa = PBXFileReference; fileEncoding = 4; lastKnownFileType = sourcecode.c.objc; path = QLGuanZhuMerchantCell.m; sourceTree = "<group>"; };
		50DADCDC2192811A00DA8BFE /* WTDemo.app */ = {isa = PBXFileReference; explicitFileType = wrapper.application; includeInIndex = 0; path = WTDemo.app; sourceTree = BUILT_PRODUCTS_DIR; };
		50DADCDF2192811A00DA8BFE /* AppDelegate.h */ = {isa = PBXFileReference; lastKnownFileType = sourcecode.c.h; path = AppDelegate.h; sourceTree = "<group>"; };
		50DADCE02192811A00DA8BFE /* AppDelegate.m */ = {isa = PBXFileReference; lastKnownFileType = sourcecode.c.objc; path = AppDelegate.m; sourceTree = "<group>"; };
		50DADCE82192811B00DA8BFE /* Assets.xcassets */ = {isa = PBXFileReference; lastKnownFileType = folder.assetcatalog; path = Assets.xcassets; sourceTree = "<group>"; };
		50DADCEB2192811B00DA8BFE /* Base */ = {isa = PBXFileReference; lastKnownFileType = file.storyboard; name = Base; path = Base.lproj/LaunchScreen.storyboard; sourceTree = "<group>"; };
		50DADCED2192811B00DA8BFE /* Info.plist */ = {isa = PBXFileReference; lastKnownFileType = text.plist.xml; path = Info.plist; sourceTree = "<group>"; };
		50DADCEE2192811B00DA8BFE /* main.m */ = {isa = PBXFileReference; lastKnownFileType = sourcecode.c.objc; path = main.m; sourceTree = "<group>"; };
		50DADCF52192819300DA8BFE /* WTDemo.pch */ = {isa = PBXFileReference; lastKnownFileType = sourcecode.c.h; path = WTDemo.pch; sourceTree = "<group>"; };
		50DADCF72192854400DA8BFE /* QLMineViewController.m */ = {isa = PBXFileReference; fileEncoding = 4; lastKnownFileType = sourcecode.c.objc; path = QLMineViewController.m; sourceTree = "<group>"; };
		50DADCF82192854400DA8BFE /* QLMineViewController.h */ = {isa = PBXFileReference; fileEncoding = 4; lastKnownFileType = sourcecode.c.h; path = QLMineViewController.h; sourceTree = "<group>"; };
		50DADD072192B46700DA8BFE /* QLMineHeadCell.h */ = {isa = PBXFileReference; fileEncoding = 4; lastKnownFileType = sourcecode.c.h; path = QLMineHeadCell.h; sourceTree = "<group>"; };
		50DADD082192B46700DA8BFE /* QLMineHeadCell.m */ = {isa = PBXFileReference; fileEncoding = 4; lastKnownFileType = sourcecode.c.objc; path = QLMineHeadCell.m; sourceTree = "<group>"; };
		50EE215B21E85F8500E1D9D1 /* QLModifyNickCell.m */ = {isa = PBXFileReference; fileEncoding = 4; lastKnownFileType = sourcecode.c.objc; path = QLModifyNickCell.m; sourceTree = "<group>"; };
		50EE215C21E85F8500E1D9D1 /* QLModifyNickCell.h */ = {isa = PBXFileReference; fileEncoding = 4; lastKnownFileType = sourcecode.c.h; path = QLModifyNickCell.h; sourceTree = "<group>"; };
		A24F37922F2E1F5DE6CD53EC /* libPods-WTDemo.a */ = {isa = PBXFileReference; explicitFileType = archive.ar; includeInIndex = 0; path = "libPods-WTDemo.a"; sourceTree = BUILT_PRODUCTS_DIR; };
		C2F9E923A66FEA1755F59C0D /* Pods-WTDemo.release.xcconfig */ = {isa = PBXFileReference; includeInIndex = 1; lastKnownFileType = text.xcconfig; name = "Pods-WTDemo.release.xcconfig"; path = "Pods/Target Support Files/Pods-WTDemo/Pods-WTDemo.release.xcconfig"; sourceTree = "<group>"; };
		C8162E2829EB8076EBC3E808 /* Pods-WTDemo.debug.xcconfig */ = {isa = PBXFileReference; includeInIndex = 1; lastKnownFileType = text.xcconfig; name = "Pods-WTDemo.debug.xcconfig"; path = "Pods/Target Support Files/Pods-WTDemo/Pods-WTDemo.debug.xcconfig"; sourceTree = "<group>"; };
/* End PBXFileReference section */

/* Begin PBXFrameworksBuildPhase section */
		50DADCD92192811A00DA8BFE /* Frameworks */ = {
			isa = PBXFrameworksBuildPhase;
			buildActionMask = 2147483647;
			files = (
				221AEC82A8DB30A6462C9440 /* libPods-WTDemo.a in Frameworks */,
			);
			runOnlyForDeploymentPostprocessing = 0;
		};
/* End PBXFrameworksBuildPhase section */

/* Begin PBXGroup section */
		501026EB21D4F6110084F3C1 /* GuanZhu */ = {
			isa = PBXGroup;
			children = (
				501026F521D4F6920084F3C1 /* QLGuanZhuViewController.h */,
				501026F621D4F6920084F3C1 /* QLGuanZhuViewController.m */,
				50A9F4902204BC60000A2AFF /* QLGuanZhuMerchantViewController.h */,
				50A9F4912204BC60000A2AFF /* QLGuanZhuMerchantViewController.m */,
				50A9F4932204BC8C000A2AFF /* QLGuanZhuTieZiViewController.h */,
				50A9F4942204BC8C000A2AFF /* QLGuanZhuTieZiViewController.m */,
				50A9F4962204BCA3000A2AFF /* QLGuanZhuUserViewController.h */,
				50A9F4972204BCA3000A2AFF /* QLGuanZhuUserViewController.m */,
			);
			path = GuanZhu;
			sourceTree = "<group>";
		};
		501026EC21D4F6110084F3C1 /* Message */ = {
			isa = PBXGroup;
			children = (
				501026F821D4F6AB0084F3C1 /* QLMessageViewController.h */,
				501026F921D4F6AB0084F3C1 /* QLMessageViewController.m */,
				5060B19321FC832900CE93F4 /* QLSiXinViewController.h */,
				5060B19421FC832900CE93F4 /* QLSiXinViewController.m */,
				5060B19621FC833F00CE93F4 /* QLDianPingViewController.h */,
				5060B19721FC833F00CE93F4 /* QLDianPingViewController.m */,
				5060B19921FC834E00CE93F4 /* QLHuiTieViewController.h */,
				5060B19A21FC834E00CE93F4 /* QLHuiTieViewController.m */,
				5060B19C21FC835D00CE93F4 /* QLTongZhiViewController.h */,
				5060B19D21FC835D00CE93F4 /* QLTongZhiViewController.m */,
			);
			path = Message;
			sourceTree = "<group>";
		};
		501026ED21D4F6110084F3C1 /* Funs */ = {
			isa = PBXGroup;
			children = (
				501026F221D4F6680084F3C1 /* QLFunsViewController.h */,
				501026F321D4F6680084F3C1 /* QLFunsViewController.m */,
			);
			path = Funs;
			sourceTree = "<group>";
		};
		501026EE21D4F6110084F3C1 /* UserInfo */ = {
			isa = PBXGroup;
			children = (
				501026EF21D4F64C0084F3C1 /* QLUserInfoViewController.h */,
				501026F021D4F64C0084F3C1 /* QLUserInfoViewController.m */,
				503A80DA21E6442100201601 /* QLNickNameViewController.h */,
				503A80D921E6442100201601 /* QLNickNameViewController.m */,
			);
			path = UserInfo;
			sourceTree = "<group>";
		};
		503A80D521E628FC00201601 /* NetWorking */ = {
			isa = PBXGroup;
			children = (
				503A80D721E628FC00201601 /* QLMineNetWork.h */,
				503A80D621E628FC00201601 /* QLMineNetWork.m */,
			);
			path = NetWorking;
			sourceTree = "<group>";
		};
		50DADCD32192811A00DA8BFE = {
			isa = PBXGroup;
			children = (
				50DADCDE2192811A00DA8BFE /* WTDemo */,
				50DADCDD2192811A00DA8BFE /* Products */,
				FC9BA0E8AAAA70E67CD09CD3 /* Pods */,
				B160F7A7F7133FFEFB7FE33C /* Frameworks */,
			);
			sourceTree = "<group>";
		};
		50DADCDD2192811A00DA8BFE /* Products */ = {
			isa = PBXGroup;
			children = (
				50DADCDC2192811A00DA8BFE /* WTDemo.app */,
			);
			name = Products;
			sourceTree = "<group>";
		};
		50DADCDE2192811A00DA8BFE /* WTDemo */ = {
			isa = PBXGroup;
			children = (
				505B9A1C21E7703F00753310 /* city.plist */,
				50DADCDF2192811A00DA8BFE /* AppDelegate.h */,
				50DADCE02192811A00DA8BFE /* AppDelegate.m */,
				50DADCF62192854400DA8BFE /* QLMineModel */,
				50DADCE82192811B00DA8BFE /* Assets.xcassets */,
				50DADCEA2192811B00DA8BFE /* LaunchScreen.storyboard */,
				50DADCED2192811B00DA8BFE /* Info.plist */,
				50DADCEE2192811B00DA8BFE /* main.m */,
				50DADCF52192819300DA8BFE /* WTDemo.pch */,
			);
			path = WTDemo;
			sourceTree = "<group>";
		};
		50DADCF62192854400DA8BFE /* QLMineModel */ = {
			isa = PBXGroup;
			children = (
				50A9F48222049D68000A2AFF /* Target_QLMineModel.h */,
				50A9F48122049D68000A2AFF /* Target_QLMineModel.m */,
				50DADCF82192854400DA8BFE /* QLMineViewController.h */,
				50DADCF72192854400DA8BFE /* QLMineViewController.m */,
				503A80D521E628FC00201601 /* NetWorking */,
				501026ED21D4F6110084F3C1 /* Funs */,
				501026EB21D4F6110084F3C1 /* GuanZhu */,
				501026EC21D4F6110084F3C1 /* Message */,
				501026EE21D4F6110084F3C1 /* UserInfo */,
				50DADD0E2192E53600DA8BFE /* ABoutMe */,
				50DADD0F2192E53600DA8BFE /* BabyRecord */,
				50DADD112192E53600DA8BFE /* FeedBack */,
				50DADD102192E53600DA8BFE /* Setting */,
				50DADD062192B40D00DA8BFE /* Cell */,
			);
			name = QLMineModel;
			path = ../../QLMineModel;
			sourceTree = "<group>";
		};
		50DADD062192B40D00DA8BFE /* Cell */ = {
			isa = PBXGroup;
			children = (
				50A9F4992204BE4A000A2AFF /* QLGuanZhuMerchantCell.h */,
				50A9F49A2204BE4A000A2AFF /* QLGuanZhuMerchantCell.m */,
				5060B19F21FC85CA00CE93F4 /* QLSiXinCell.h */,
				5060B1A021FC85CA00CE93F4 /* QLSiXinCell.m */,
				50EE215C21E85F8500E1D9D1 /* QLModifyNickCell.h */,
				50EE215B21E85F8500E1D9D1 /* QLModifyNickCell.m */,
				5027756121D5EF0000C02C3F /* QLMineChildInfoCell.h */,
				5027756221D5EF0000C02C3F /* QLMineChildInfoCell.m */,
				5027755B21D5C09A00C02C3F /* QLGuanZhuCell.h */,
				5027755A21D5C09A00C02C3F /* QLGuanZhuCell.m */,
				5027755721D5B77B00C02C3F /* QLFunsCell.h */,
				5027755821D5B77B00C02C3F /* QLFunsCell.m */,
				501026FE21D504660084F3C1 /* QLUserIconCel.h */,
				501026FF21D504660084F3C1 /* QLUserIconCel.m */,
				501026FB21D4FADB0084F3C1 /* QLUserInfoCell.h */,
				501026FC21D4FADB0084F3C1 /* QLUserInfoCell.m */,
				501026E521D4CF800084F3C1 /* QLSettingGroupCell1.h */,
				501026E621D4CF800084F3C1 /* QLSettingGroupCell1.m */,
				501026DE21D47A890084F3C1 /* QLSettingGroupCell.h */,
				501026DF21D47A890084F3C1 /* QLSettingGroupCell.m */,
				501026DB21D474330084F3C1 /* QLSettingTitleCell.h */,
				501026DC21D474330084F3C1 /* QLSettingTitleCell.m */,
				50DADD072192B46700DA8BFE /* QLMineHeadCell.h */,
				50DADD082192B46700DA8BFE /* QLMineHeadCell.m */,
			);
			path = Cell;
			sourceTree = "<group>";
		};
		50DADD0E2192E53600DA8BFE /* ABoutMe */ = {
			isa = PBXGroup;
			children = (
				502EB8B521BE0F8A0011A103 /* QLABoutViewController.h */,
				502EB8B621BE0F8A0011A103 /* QLABoutViewController.m */,
			);
			path = ABoutMe;
			sourceTree = "<group>";
		};
		50DADD0F2192E53600DA8BFE /* BabyRecord */ = {
			isa = PBXGroup;
			children = (
				502EB8BE21BE0FFC0011A103 /* QLBabyRecordViewController.h */,
				502EB8BF21BE0FFC0011A103 /* QLBabyRecordViewController.m */,
			);
			path = BabyRecord;
			sourceTree = "<group>";
		};
		50DADD102192E53600DA8BFE /* Setting */ = {
			isa = PBXGroup;
			children = (
				5027756521D5F24000C02C3F /* QLModifyPasswordViewController.h */,
				5027756421D5F24000C02C3F /* QLModifyPasswordViewController.m */,
				502EB8BB21BE0FAA0011A103 /* QLSettingViewController.h */,
				502EB8BC21BE0FAA0011A103 /* QLSettingViewController.m */,
			);
			path = Setting;
			sourceTree = "<group>";
		};
		50DADD112192E53600DA8BFE /* FeedBack */ = {
			isa = PBXGroup;
			children = (
				502EB8B821BE0F9C0011A103 /* QLFeedBackViewController.h */,
				502EB8B921BE0F9C0011A103 /* QLFeedBackViewController.m */,
			);
			path = FeedBack;
			sourceTree = "<group>";
		};
		B160F7A7F7133FFEFB7FE33C /* Frameworks */ = {
			isa = PBXGroup;
			children = (
				A24F37922F2E1F5DE6CD53EC /* libPods-WTDemo.a */,
			);
			name = Frameworks;
			sourceTree = "<group>";
		};
		FC9BA0E8AAAA70E67CD09CD3 /* Pods */ = {
			isa = PBXGroup;
			children = (
				C8162E2829EB8076EBC3E808 /* Pods-WTDemo.debug.xcconfig */,
				C2F9E923A66FEA1755F59C0D /* Pods-WTDemo.release.xcconfig */,
			);
			name = Pods;
			sourceTree = "<group>";
		};
/* End PBXGroup section */

/* Begin PBXNativeTarget section */
		50DADCDB2192811A00DA8BFE /* WTDemo */ = {
			isa = PBXNativeTarget;
			buildConfigurationList = 50DADCF22192811B00DA8BFE /* Build configuration list for PBXNativeTarget "WTDemo" */;
			buildPhases = (
				9CBD7C00C397B4DBE46B5FA1 /* [CP] Check Pods Manifest.lock */,
				50DADCD82192811A00DA8BFE /* Sources */,
				50DADCD92192811A00DA8BFE /* Frameworks */,
				50DADCDA2192811A00DA8BFE /* Resources */,
				7B67E88DFA2BC378C6018365 /* [CP] Embed Pods Frameworks */,
				59095B11E86DC33A7D8004F1 /* [CP] Copy Pods Resources */,
			);
			buildRules = (
			);
			dependencies = (
			);
			name = WTDemo;
			productName = WTDemo;
			productReference = 50DADCDC2192811A00DA8BFE /* WTDemo.app */;
			productType = "com.apple.product-type.application";
		};
/* End PBXNativeTarget section */

/* Begin PBXProject section */
		50DADCD42192811A00DA8BFE /* Project object */ = {
			isa = PBXProject;
			attributes = {
				LastUpgradeCheck = 1010;
				ORGANIZATIONNAME = "计恩良";
				TargetAttributes = {
					50DADCDB2192811A00DA8BFE = {
						CreatedOnToolsVersion = 10.1;
					};
				};
			};
			buildConfigurationList = 50DADCD72192811A00DA8BFE /* Build configuration list for PBXProject "WTDemo" */;
			compatibilityVersion = "Xcode 9.3";
			developmentRegion = en;
			hasScannedForEncodings = 0;
			knownRegions = (
				en,
				Base,
			);
			mainGroup = 50DADCD32192811A00DA8BFE;
			productRefGroup = 50DADCDD2192811A00DA8BFE /* Products */;
			projectDirPath = "";
			projectRoot = "";
			targets = (
				50DADCDB2192811A00DA8BFE /* WTDemo */,
			);
		};
/* End PBXProject section */

/* Begin PBXResourcesBuildPhase section */
		50DADCDA2192811A00DA8BFE /* Resources */ = {
			isa = PBXResourcesBuildPhase;
			buildActionMask = 2147483647;
			files = (
				505B9A1D21E7703F00753310 /* city.plist in Resources */,
				50DADCEC2192811B00DA8BFE /* LaunchScreen.storyboard in Resources */,
				50DADCE92192811B00DA8BFE /* Assets.xcassets in Resources */,
			);
			runOnlyForDeploymentPostprocessing = 0;
		};
/* End PBXResourcesBuildPhase section */

/* Begin PBXShellScriptBuildPhase section */
		59095B11E86DC33A7D8004F1 /* [CP] Copy Pods Resources */ = {
			isa = PBXShellScriptBuildPhase;
			buildActionMask = 2147483647;
			files = (
			);
			inputPaths = (
				"${SRCROOT}/Pods/Target Support Files/Pods-WTDemo/Pods-WTDemo-resources.sh",
				"${PODS_ROOT}/IQKeyboardManager/IQKeyboardManager/Resources/IQKeyboardManager.bundle",
				"${PODS_ROOT}/MJRefresh/MJRefresh/MJRefresh.bundle",
				"${PODS_ROOT}/QLBusiness/QLBusiness/Res/QLBusiness.bundle",
				"${PODS_ROOT}/TZImagePickerController/TZImagePickerController/TZImagePickerController/TZImagePickerController.bundle",
				"${PODS_ROOT}/WTBaseCore/WTBaseCore/CoreRes/WTBaseCore.bundle",
				"${PODS_ROOT}/WTLoadingView/WTLoadingView/Res/WTLoading.bundle",
			);
			name = "[CP] Copy Pods Resources";
			outputPaths = (
				"${TARGET_BUILD_DIR}/${UNLOCALIZED_RESOURCES_FOLDER_PATH}/IQKeyboardManager.bundle",
				"${TARGET_BUILD_DIR}/${UNLOCALIZED_RESOURCES_FOLDER_PATH}/MJRefresh.bundle",
				"${TARGET_BUILD_DIR}/${UNLOCALIZED_RESOURCES_FOLDER_PATH}/QLBusiness.bundle",
				"${TARGET_BUILD_DIR}/${UNLOCALIZED_RESOURCES_FOLDER_PATH}/TZImagePickerController.bundle",
				"${TARGET_BUILD_DIR}/${UNLOCALIZED_RESOURCES_FOLDER_PATH}/WTBaseCore.bundle",
				"${TARGET_BUILD_DIR}/${UNLOCALIZED_RESOURCES_FOLDER_PATH}/WTLoading.bundle",
			);
			runOnlyForDeploymentPostprocessing = 0;
			shellPath = /bin/sh;
			shellScript = "\"${SRCROOT}/Pods/Target Support Files/Pods-WTDemo/Pods-WTDemo-resources.sh\"\n";
			showEnvVarsInLog = 0;
		};
		7B67E88DFA2BC378C6018365 /* [CP] Embed Pods Frameworks */ = {
			isa = PBXShellScriptBuildPhase;
			buildActionMask = 2147483647;
			files = (
			);
			inputPaths = (
			);
			name = "[CP] Embed Pods Frameworks";
			outputPaths = (
			);
			runOnlyForDeploymentPostprocessing = 0;
			shellPath = /bin/sh;
			shellScript = "\"${SRCROOT}/Pods/Target Support Files/Pods-WTDemo/Pods-WTDemo-frameworks.sh\"\n";
			showEnvVarsInLog = 0;
		};
		9CBD7C00C397B4DBE46B5FA1 /* [CP] Check Pods Manifest.lock */ = {
			isa = PBXShellScriptBuildPhase;
			buildActionMask = 2147483647;
			files = (
			);
			inputPaths = (
				"${PODS_PODFILE_DIR_PATH}/Podfile.lock",
				"${PODS_ROOT}/Manifest.lock",
			);
			name = "[CP] Check Pods Manifest.lock";
			outputPaths = (
				"$(DERIVED_FILE_DIR)/Pods-WTDemo-checkManifestLockResult.txt",
			);
			runOnlyForDeploymentPostprocessing = 0;
			shellPath = /bin/sh;
			shellScript = "diff \"${PODS_PODFILE_DIR_PATH}/Podfile.lock\" \"${PODS_ROOT}/Manifest.lock\" > /dev/null\nif [ $? != 0 ] ; then\n    # print error to STDERR\n    echo \"error: The sandbox is not in sync with the Podfile.lock. Run 'pod install' or update your CocoaPods installation.\" >&2\n    exit 1\nfi\n# This output is used by Xcode 'outputs' to avoid re-running this script phase.\necho \"SUCCESS\" > \"${SCRIPT_OUTPUT_FILE_0}\"\n";
			showEnvVarsInLog = 0;
		};
/* End PBXShellScriptBuildPhase section */

/* Begin PBXSourcesBuildPhase section */
		50DADCD82192811A00DA8BFE /* Sources */ = {
			isa = PBXSourcesBuildPhase;
			buildActionMask = 2147483647;
			files = (
				501026F721D4F6920084F3C1 /* QLGuanZhuViewController.m in Sources */,
				5027756621D5F24000C02C3F /* QLModifyPasswordViewController.m in Sources */,
				5027755921D5B77B00C02C3F /* QLFunsCell.m in Sources */,
				5027756321D5EF0000C02C3F /* QLMineChildInfoCell.m in Sources */,
				503A80D821E628FC00201601 /* QLMineNetWork.m in Sources */,
				501026F121D4F64C0084F3C1 /* QLUserInfoViewController.m in Sources */,
				5060B19521FC832900CE93F4 /* QLSiXinViewController.m in Sources */,
				502EB8C021BE0FFC0011A103 /* QLBabyRecordViewController.m in Sources */,
				50A9F48322049D68000A2AFF /* Target_QLMineModel.m in Sources */,
				50A9F4922204BC60000A2AFF /* QLGuanZhuMerchantViewController.m in Sources */,
				5060B19B21FC834E00CE93F4 /* QLHuiTieViewController.m in Sources */,
				50A9F4982204BCA3000A2AFF /* QLGuanZhuUserViewController.m in Sources */,
				50EE215D21E85F8500E1D9D1 /* QLModifyNickCell.m in Sources */,
				501026FD21D4FADB0084F3C1 /* QLUserInfoCell.m in Sources */,
				502EB8BD21BE0FAA0011A103 /* QLSettingViewController.m in Sources */,
				501026FA21D4F6AB0084F3C1 /* QLMessageViewController.m in Sources */,
				501026E721D4CF800084F3C1 /* QLSettingGroupCell1.m in Sources */,
				50DADCEF2192811B00DA8BFE /* main.m in Sources */,
				5060B19E21FC835D00CE93F4 /* QLTongZhiViewController.m in Sources */,
				5027755C21D5C09A00C02C3F /* QLGuanZhuCell.m in Sources */,
				501026F421D4F6680084F3C1 /* QLFunsViewController.m in Sources */,
				503A80DB21E6442100201601 /* QLNickNameViewController.m in Sources */,
				5010270021D504660084F3C1 /* QLUserIconCel.m in Sources */,
				50DADCF92192854400DA8BFE /* QLMineViewController.m in Sources */,
				50DADCE12192811A00DA8BFE /* AppDelegate.m in Sources */,
				501026E021D47A890084F3C1 /* QLSettingGroupCell.m in Sources */,
				5060B1A121FC85CB00CE93F4 /* QLSiXinCell.m in Sources */,
				50A9F49B2204BE4A000A2AFF /* QLGuanZhuMerchantCell.m in Sources */,
				5060B19821FC833F00CE93F4 /* QLDianPingViewController.m in Sources */,
				502EB8B721BE0F8A0011A103 /* QLABoutViewController.m in Sources */,
				50A9F4952204BC8C000A2AFF /* QLGuanZhuTieZiViewController.m in Sources */,
				502EB8BA21BE0F9C0011A103 /* QLFeedBackViewController.m in Sources */,
				501026DD21D474330084F3C1 /* QLSettingTitleCell.m in Sources */,
				50DADD092192B46700DA8BFE /* QLMineHeadCell.m in Sources */,
			);
			runOnlyForDeploymentPostprocessing = 0;
		};
/* End PBXSourcesBuildPhase section */

/* Begin PBXVariantGroup section */
		50DADCEA2192811B00DA8BFE /* LaunchScreen.storyboard */ = {
			isa = PBXVariantGroup;
			children = (
				50DADCEB2192811B00DA8BFE /* Base */,
			);
			name = LaunchScreen.storyboard;
			sourceTree = "<group>";
		};
/* End PBXVariantGroup section */

/* Begin XCBuildConfiguration section */
		50DADCF02192811B00DA8BFE /* Debug */ = {
			isa = XCBuildConfiguration;
			buildSettings = {
				ALWAYS_SEARCH_USER_PATHS = NO;
				CLANG_ANALYZER_NONNULL = YES;
				CLANG_ANALYZER_NUMBER_OBJECT_CONVERSION = YES_AGGRESSIVE;
				CLANG_CXX_LANGUAGE_STANDARD = "gnu++14";
				CLANG_CXX_LIBRARY = "libc++";
				CLANG_ENABLE_MODULES = YES;
				CLANG_ENABLE_OBJC_ARC = YES;
				CLANG_ENABLE_OBJC_WEAK = YES;
				CLANG_WARN_BLOCK_CAPTURE_AUTORELEASING = YES;
				CLANG_WARN_BOOL_CONVERSION = YES;
				CLANG_WARN_COMMA = YES;
				CLANG_WARN_CONSTANT_CONVERSION = YES;
				CLANG_WARN_DEPRECATED_OBJC_IMPLEMENTATIONS = YES;
				CLANG_WARN_DIRECT_OBJC_ISA_USAGE = YES_ERROR;
				CLANG_WARN_DOCUMENTATION_COMMENTS = YES;
				CLANG_WARN_EMPTY_BODY = YES;
				CLANG_WARN_ENUM_CONVERSION = YES;
				CLANG_WARN_INFINITE_RECURSION = YES;
				CLANG_WARN_INT_CONVERSION = YES;
				CLANG_WARN_NON_LITERAL_NULL_CONVERSION = YES;
				CLANG_WARN_OBJC_IMPLICIT_RETAIN_SELF = YES;
				CLANG_WARN_OBJC_LITERAL_CONVERSION = YES;
				CLANG_WARN_OBJC_ROOT_CLASS = YES_ERROR;
				CLANG_WARN_RANGE_LOOP_ANALYSIS = YES;
				CLANG_WARN_STRICT_PROTOTYPES = YES;
				CLANG_WARN_SUSPICIOUS_MOVE = YES;
				CLANG_WARN_UNGUARDED_AVAILABILITY = YES_AGGRESSIVE;
				CLANG_WARN_UNREACHABLE_CODE = YES;
				CLANG_WARN__DUPLICATE_METHOD_MATCH = YES;
				CODE_SIGN_IDENTITY = "iPhone Developer";
				COPY_PHASE_STRIP = NO;
				DEBUG_INFORMATION_FORMAT = dwarf;
				ENABLE_STRICT_OBJC_MSGSEND = YES;
				ENABLE_TESTABILITY = YES;
				GCC_C_LANGUAGE_STANDARD = gnu11;
				GCC_DYNAMIC_NO_PIC = NO;
				GCC_NO_COMMON_BLOCKS = YES;
				GCC_OPTIMIZATION_LEVEL = 0;
				GCC_PREPROCESSOR_DEFINITIONS = (
					"DEBUG=1",
					"$(inherited)",
				);
				GCC_WARN_64_TO_32_BIT_CONVERSION = YES;
				GCC_WARN_ABOUT_RETURN_TYPE = YES_ERROR;
				GCC_WARN_UNDECLARED_SELECTOR = YES;
				GCC_WARN_UNINITIALIZED_AUTOS = YES_AGGRESSIVE;
				GCC_WARN_UNUSED_FUNCTION = YES;
				GCC_WARN_UNUSED_VARIABLE = YES;
				IPHONEOS_DEPLOYMENT_TARGET = 9.0;
				MTL_ENABLE_DEBUG_INFO = INCLUDE_SOURCE;
				MTL_FAST_MATH = YES;
				ONLY_ACTIVE_ARCH = YES;
				SDKROOT = iphoneos;
			};
			name = Debug;
		};
		50DADCF12192811B00DA8BFE /* Release */ = {
			isa = XCBuildConfiguration;
			buildSettings = {
				ALWAYS_SEARCH_USER_PATHS = NO;
				CLANG_ANALYZER_NONNULL = YES;
				CLANG_ANALYZER_NUMBER_OBJECT_CONVERSION = YES_AGGRESSIVE;
				CLANG_CXX_LANGUAGE_STANDARD = "gnu++14";
				CLANG_CXX_LIBRARY = "libc++";
				CLANG_ENABLE_MODULES = YES;
				CLANG_ENABLE_OBJC_ARC = YES;
				CLANG_ENABLE_OBJC_WEAK = YES;
				CLANG_WARN_BLOCK_CAPTURE_AUTORELEASING = YES;
				CLANG_WARN_BOOL_CONVERSION = YES;
				CLANG_WARN_COMMA = YES;
				CLANG_WARN_CONSTANT_CONVERSION = YES;
				CLANG_WARN_DEPRECATED_OBJC_IMPLEMENTATIONS = YES;
				CLANG_WARN_DIRECT_OBJC_ISA_USAGE = YES_ERROR;
				CLANG_WARN_DOCUMENTATION_COMMENTS = YES;
				CLANG_WARN_EMPTY_BODY = YES;
				CLANG_WARN_ENUM_CONVERSION = YES;
				CLANG_WARN_INFINITE_RECURSION = YES;
				CLANG_WARN_INT_CONVERSION = YES;
				CLANG_WARN_NON_LITERAL_NULL_CONVERSION = YES;
				CLANG_WARN_OBJC_IMPLICIT_RETAIN_SELF = YES;
				CLANG_WARN_OBJC_LITERAL_CONVERSION = YES;
				CLANG_WARN_OBJC_ROOT_CLASS = YES_ERROR;
				CLANG_WARN_RANGE_LOOP_ANALYSIS = YES;
				CLANG_WARN_STRICT_PROTOTYPES = YES;
				CLANG_WARN_SUSPICIOUS_MOVE = YES;
				CLANG_WARN_UNGUARDED_AVAILABILITY = YES_AGGRESSIVE;
				CLANG_WARN_UNREACHABLE_CODE = YES;
				CLANG_WARN__DUPLICATE_METHOD_MATCH = YES;
				CODE_SIGN_IDENTITY = "iPhone Developer";
				COPY_PHASE_STRIP = NO;
				DEBUG_INFORMATION_FORMAT = "dwarf-with-dsym";
				ENABLE_NS_ASSERTIONS = NO;
				ENABLE_STRICT_OBJC_MSGSEND = YES;
				GCC_C_LANGUAGE_STANDARD = gnu11;
				GCC_NO_COMMON_BLOCKS = YES;
				GCC_WARN_64_TO_32_BIT_CONVERSION = YES;
				GCC_WARN_ABOUT_RETURN_TYPE = YES_ERROR;
				GCC_WARN_UNDECLARED_SELECTOR = YES;
				GCC_WARN_UNINITIALIZED_AUTOS = YES_AGGRESSIVE;
				GCC_WARN_UNUSED_FUNCTION = YES;
				GCC_WARN_UNUSED_VARIABLE = YES;
				IPHONEOS_DEPLOYMENT_TARGET = 9.0;
				MTL_ENABLE_DEBUG_INFO = NO;
				MTL_FAST_MATH = YES;
				SDKROOT = iphoneos;
				VALIDATE_PRODUCT = YES;
			};
			name = Release;
		};
		50DADCF32192811B00DA8BFE /* Debug */ = {
			isa = XCBuildConfiguration;
			baseConfigurationReference = C8162E2829EB8076EBC3E808 /* Pods-WTDemo.debug.xcconfig */;
			buildSettings = {
				ASSETCATALOG_COMPILER_APPICON_NAME = AppIcon;
				CODE_SIGN_STYLE = Automatic;
				DEVELOPMENT_TEAM = Y5EQM97VAW;
				GCC_PREFIX_HEADER = "$(SRCROOT)/WTDemo/WTDemo.pch";
				INFOPLIST_FILE = WTDemo/Info.plist;
				IPHONEOS_DEPLOYMENT_TARGET = 9.0;
				LD_RUNPATH_SEARCH_PATHS = (
					"$(inherited)",
					"@executable_path/Frameworks",
				);
				PRODUCT_BUNDLE_IDENTIFIER = jienliang.WTDemo;
				PRODUCT_NAME = "$(TARGET_NAME)";
				TARGETED_DEVICE_FAMILY = "1,2";
			};
			name = Debug;
		};
		50DADCF42192811B00DA8BFE /* Release */ = {
			isa = XCBuildConfiguration;
			baseConfigurationReference = C2F9E923A66FEA1755F59C0D /* Pods-WTDemo.release.xcconfig */;
			buildSettings = {
				ASSETCATALOG_COMPILER_APPICON_NAME = AppIcon;
				CODE_SIGN_STYLE = Automatic;
				DEVELOPMENT_TEAM = Y5EQM97VAW;
				GCC_PREFIX_HEADER = "$(SRCROOT)/WTDemo/WTDemo.pch";
				INFOPLIST_FILE = WTDemo/Info.plist;
				IPHONEOS_DEPLOYMENT_TARGET = 9.0;
				LD_RUNPATH_SEARCH_PATHS = (
					"$(inherited)",
					"@executable_path/Frameworks",
				);
				PRODUCT_BUNDLE_IDENTIFIER = jienliang.WTDemo;
				PRODUCT_NAME = "$(TARGET_NAME)";
				TARGETED_DEVICE_FAMILY = "1,2";
			};
			name = Release;
		};
/* End XCBuildConfiguration section */

/* Begin XCConfigurationList section */
		50DADCD72192811A00DA8BFE /* Build configuration list for PBXProject "WTDemo" */ = {
			isa = XCConfigurationList;
			buildConfigurations = (
				50DADCF02192811B00DA8BFE /* Debug */,
				50DADCF12192811B00DA8BFE /* Release */,
			);
			defaultConfigurationIsVisible = 0;
			defaultConfigurationName = Release;
		};
		50DADCF22192811B00DA8BFE /* Build configuration list for PBXNativeTarget "WTDemo" */ = {
			isa = XCConfigurationList;
			buildConfigurations = (
				50DADCF32192811B00DA8BFE /* Debug */,
				50DADCF42192811B00DA8BFE /* Release */,
			);
			defaultConfigurationIsVisible = 0;
			defaultConfigurationName = Release;
		};
/* End XCConfigurationList section */
	};
	rootObject = 50DADCD42192811A00DA8BFE /* Project object */;
}
